{
  "name": "aclii",
  "version": "0.0.1",
  "lockfileVersion": 2,
  "requires": true,
  "packages": {
    "": {
      "name": "aclii",
      "version": "0.0.1",
      "license": "ISC",
      "dependencies": {
        "yaml": "^2.2.1"
      },
      "bin": {
        "_aclii_runner": "bin/aclii-main.js",
        "aclii": "bin/aclii.sh"
      },
      "devDependencies": {
        "bats": "^1.8.2"
      }
    },
    "node_modules/bats": {
      "version": "1.8.2",
      "resolved": "https://registry.npmjs.org/bats/-/bats-1.8.2.tgz",
      "integrity": "sha512-KLUIaPYuIMjqui8MbZmK84+CiwhjFVFAhFy5PXP0prLbkovc5faVzc+Qaowbz76F97zP573JrF31ODFAH7vzhg==",
      "dev": true,
      "bin": {
        "bats": "bin/bats"
      }
    },
    "node_modules/yaml": {
      "version": "2.2.1",
      "resolved": "https://registry.npmjs.org/yaml/-/yaml-2.2.1.tgz",
      "integrity": "sha512-e0WHiYql7+9wr4cWMx3TVQrNwejKaEe7/rHNmQmqRjazfOP5W8PB6Jpebb5o6fIapbz9o9+2ipcaTM2ZwDI6lw==",
      "engines": {
        "node": ">= 14"
      }
    }
  },
  "dependencies": {
    "bats": {
      "version": "1.8.2",
      "resolved": "https://registry.npmjs.org/bats/-/bats-1.8.2.tgz",
      "integrity": "sha512-KLUIaPYuIMjqui8MbZmK84+CiwhjFVFAhFy5PXP0prLbkovc5faVzc+Qaowbz76F97zP573JrF31ODFAH7vzhg==",
      "dev": true
    },
    "yaml": {
      "version": "2.2.1",
      "resolved": "https://registry.npmjs.org/yaml/-/yaml-2.2.1.tgz",
      "integrity": "sha512-e0WHiYql7+9wr4cWMx3TVQrNwejKaEe7/rHNmQmqRjazfOP5W8PB6Jpebb5o6fIapbz9o9+2ipcaTM2ZwDI6lw=="
    }
  }
}
